
Microsoft Visual Studio Solution File, Format Version 12.00
# Visual Studio Version 17
VisualStudioVersion = 17.6.33829.357
MinimumVisualStudioVersion = 10.0.40219.1
Project("{FAE04EC0-301F-11D3-BF4B-00C04F79EFBC}") = "Tutorial1Application", "Tutorial1Application\Tutorial1Application.csproj", "{7C7BF6C4-67E6-4490-B43D-81B230876045}"
EndProject
Project("{FAE04EC0-301F-11D3-BF4B-00C04F79EFBC}") = "Tutorial2Solution", "Tutorial2Solution\Tutorial2Solution.csproj", "{E2C696D3-EB6B-4011-89EA-B8A4F2D75059}"
EndProject
Project("{FAE04EC0-301F-11D3-BF4B-00C04F79EFBC}") = "GeographyLibrary", "GeographyLibrary\GeographyLibrary.csproj", "{47B91C9D-5072-4345-89AB-C56DB2B72D20}"
EndProject
Global
	GlobalSection(SolutionConfigurationPlatforms) = preSolution
		Debug|Any CPU = Debug|Any CPU
		Release|Any CPU = Release|Any CPU
	EndGlobalSection
	GlobalSection(ProjectConfigurationPlatforms) = postSolution
		{7C7BF6C4-67E6-4490-B43D-81B230876045}.Debug|Any CPU.ActiveCfg = Debug|Any CPU
		{7C7BF6C4-67E6-4490-B43D-81B230876045}.Debug|Any CPU.Build.0 = Debug|Any CPU
		{7C7BF6C4-67E6-4490-B43D-81B230876045}.Release|Any CPU.ActiveCfg = Release|Any CPU
		{7C7BF6C4-67E6-4490-B43D-81B230876045}.Release|Any CPU.Build.0 = Release|Any CPU
		{E2C696D3-EB6B-4011-89EA-B8A4F2D75059}.Debug|Any CPU.ActiveCfg = Debug|Any CPU
		{E2C696D3-EB6B-4011-89EA-B8A4F2D75059}.Debug|Any CPU.Build.0 = Debug|Any CPU
		{E2C696D3-EB6B-4011-89EA-B8A4F2D75059}.Release|Any CPU.ActiveCfg = Release|Any CPU
		{E2C696D3-EB6B-4011-89EA-B8A4F2D75059}.Release|Any CPU.Build.0 = Release|Any CPU
		{47B91C9D-5072-4345-89AB-C56DB2B72D20}.Debug|Any CPU.ActiveCfg = Debug|Any CPU
		{47B91C9D-5072-4345-89AB-C56DB2B72D20}.Debug|Any CPU.Build.0 = Debug|Any CPU
		{47B91C9D-5072-4345-89AB-C56DB2B72D20}.Release|Any CPU.ActiveCfg = Release|Any CPU
		{47B91C9D-5072-4345-89AB-C56DB2B72D20}.Release|Any CPU.Build.0 = Release|Any CPU
	EndGlobalSection
	GlobalSection(SolutionProperties) = preSolution
		HideSolutionNode = FALSE
	EndGlobalSection
	GlobalSection(ExtensibilityGlobals) = postSolution
		SolutionGuid = {01F12808-CE47-4D6B-9222-33F6A119A59F}
	EndGlobalSection
EndGlobal
